
Microsoft Visual Studio Solution File, Format Version 12.00
# Visual Studio 2013
VisualStudioVersion = 12.0.31101.0
MinimumVisualStudioVersion = 10.0.40219.1
Project("{FAE04EC0-301F-11D3-BF4B-00C04F79EFBC}") = "SimpTyper", "SimpTyper\SimpTyper.csproj", "{8B0E6AB8-22EA-44B8-9BA5-1E2F8505938B}"
EndProject
Project("{6141683F-8A12-4E36-9623-2EB02B2C2303}") = "Setup", "Setup\Setup.isproj", "{EC9C914D-F7A2-4295-BF61-CEB1F12CD00D}"
	ProjectSection(ProjectDependencies) = postProject
		{8B0E6AB8-22EA-44B8-9BA5-1E2F8505938B} = {8B0E6AB8-22EA-44B8-9BA5-1E2F8505938B}
	EndProjectSection
EndProject
Global
	GlobalSection(SolutionConfigurationPlatforms) = preSolution
		CD_ROM|Any CPU = CD_ROM|Any CPU
		Debug|Any CPU = Debug|Any CPU
		DVD-5|Any CPU = DVD-5|Any CPU
		Release|Any CPU = Release|Any CPU
		SingleImage|Any CPU = SingleImage|Any CPU
	EndGlobalSection
	GlobalSection(ProjectConfigurationPlatforms) = postSolution
		{8B0E6AB8-22EA-44B8-9BA5-1E2F8505938B}.CD_ROM|Any CPU.ActiveCfg = Release|Any CPU
		{8B0E6AB8-22EA-44B8-9BA5-1E2F8505938B}.CD_ROM|Any CPU.Build.0 = Release|Any CPU
		{8B0E6AB8-22EA-44B8-9BA5-1E2F8505938B}.Debug|Any CPU.ActiveCfg = Debug|Any CPU
		{8B0E6AB8-22EA-44B8-9BA5-1E2F8505938B}.Debug|Any CPU.Build.0 = Debug|Any CPU
		{8B0E6AB8-22EA-44B8-9BA5-1E2F8505938B}.DVD-5|Any CPU.ActiveCfg = Debug|Any CPU
		{8B0E6AB8-22EA-44B8-9BA5-1E2F8505938B}.DVD-5|Any CPU.Build.0 = Debug|Any CPU
		{8B0E6AB8-22EA-44B8-9BA5-1E2F8505938B}.Release|Any CPU.ActiveCfg = Release|Any CPU
		{8B0E6AB8-22EA-44B8-9BA5-1E2F8505938B}.Release|Any CPU.Build.0 = Release|Any CPU
		{8B0E6AB8-22EA-44B8-9BA5-1E2F8505938B}.SingleImage|Any CPU.ActiveCfg = Release|Any CPU
		{8B0E6AB8-22EA-44B8-9BA5-1E2F8505938B}.SingleImage|Any CPU.Build.0 = Release|Any CPU
		{EC9C914D-F7A2-4295-BF61-CEB1F12CD00D}.CD_ROM|Any CPU.ActiveCfg = CD_ROM
		{EC9C914D-F7A2-4295-BF61-CEB1F12CD00D}.CD_ROM|Any CPU.Build.0 = CD_ROM
		{EC9C914D-F7A2-4295-BF61-CEB1F12CD00D}.Debug|Any CPU.ActiveCfg = SingleImage
		{EC9C914D-F7A2-4295-BF61-CEB1F12CD00D}.Debug|Any CPU.Build.0 = SingleImage
		{EC9C914D-F7A2-4295-BF61-CEB1F12CD00D}.DVD-5|Any CPU.ActiveCfg = DVD-5
		{EC9C914D-F7A2-4295-BF61-CEB1F12CD00D}.DVD-5|Any CPU.Build.0 = DVD-5
		{EC9C914D-F7A2-4295-BF61-CEB1F12CD00D}.Release|Any CPU.ActiveCfg = SingleImage
		{EC9C914D-F7A2-4295-BF61-CEB1F12CD00D}.Release|Any CPU.Build.0 = SingleImage
		{EC9C914D-F7A2-4295-BF61-CEB1F12CD00D}.SingleImage|Any CPU.ActiveCfg = SingleImage
		{EC9C914D-F7A2-4295-BF61-CEB1F12CD00D}.SingleImage|Any CPU.Build.0 = SingleImage
	EndGlobalSection
	GlobalSection(SolutionProperties) = preSolution
		HideSolutionNode = FALSE
	EndGlobalSection
EndGlobal
